
Microsoft Visual Studio Solution File, Format Version 12.00
# Visual Studio Version 17
VisualStudioVersion = 17.11.35303.130
MinimumVisualStudioVersion = 10.0.40219.1
Project("{FAE04EC0-301F-11D3-BF4B-00C04F79EFBC}") = "Mashed_Bloodmoon", "Mashed_Bloodmoon.csproj", "{6ECE4D4A-71DE-432D-B46B-C560AFF0148A}"
EndProject
Global
	GlobalSection(SolutionConfigurationPlatforms) = preSolution
		Debug|Any CPU = Debug|Any CPU
		Release|Any CPU = Release|Any CPU
	EndGlobalSection
	GlobalSection(ProjectConfigurationPlatforms) = postSolution
		{6ECE4D4A-71DE-432D-B46B-C560AFF0148A}.Debug|Any CPU.ActiveCfg = Debug|Any CPU
		{6ECE4D4A-71DE-432D-B46B-C560AFF0148A}.Debug|Any CPU.Build.0 = Debug|Any CPU
		{6ECE4D4A-71DE-432D-B46B-C560AFF0148A}.Release|Any CPU.ActiveCfg = Release|Any CPU
		{6ECE4D4A-71DE-432D-B46B-C560AFF0148A}.Release|Any CPU.Build.0 = Release|Any CPU
	EndGlobalSection
	GlobalSection(SolutionProperties) = preSolution
		HideSolutionNode = FALSE
	EndGlobalSection
	GlobalSection(ExtensibilityGlobals) = postSolution
		SolutionGuid = {56D7640A-AD39-4A6D-A780-A43D89BB2486}
	EndGlobalSection
EndGlobal
